
Microsoft Visual Studio Solution File, Format Version 12.00
Project("{FAE04EC0-301F-11D3-BF4B-00C04F79EFBC}") = "SubtrackProject", "SubtrackProject\SubtrackProject.csproj", "{AC917753-83BD-47E9-A386-60466F311A22}"
EndProject
Global
	GlobalSection(SolutionConfigurationPlatforms) = preSolution
		Debug|Any CPU = Debug|Any CPU
		Release|Any CPU = Release|Any CPU
	EndGlobalSection
	GlobalSection(ProjectConfigurationPlatforms) = postSolution
		{AC917753-83BD-47E9-A386-60466F311A22}.Debug|Any CPU.ActiveCfg = Debug|Any CPU
		{AC917753-83BD-47E9-A386-60466F311A22}.Debug|Any CPU.Build.0 = Debug|Any CPU
		{AC917753-83BD-47E9-A386-60466F311A22}.Release|Any CPU.ActiveCfg = Release|Any CPU
		{AC917753-83BD-47E9-A386-60466F311A22}.Release|Any CPU.Build.0 = Release|Any CPU
	EndGlobalSection
EndGlobal
